
Microsoft Visual Studio Solution File, Format Version 11.00
# Visual Studio 2010
Project("{FAE04EC0-301F-11D3-BF4B-00C04F79EFBC}") = "SpacepiXX", "AsteroidAssault\AsteroidAssault\SpacepiXX.csproj", "{4C3C2121-4BBD-46CF-8FC8-923126D35AC0}"
EndProject
Project("{FAE04EC0-301F-11D3-BF4B-00C04F79EFBC}") = "SpacepiXXContent", "AsteroidAssault\AsteroidAssaultContent\SpacepiXXContent.contentproj", "{A3BE8402-6C02-42DE-A7B2-CB585F486FE6}"
EndProject
Global
	GlobalSection(SolutionConfigurationPlatforms) = preSolution
		Debug|Windows Phone = Debug|Windows Phone
		Release|Windows Phone = Release|Windows Phone
	EndGlobalSection
	GlobalSection(ProjectConfigurationPlatforms) = postSolution
		{4C3C2121-4BBD-46CF-8FC8-923126D35AC0}.Debug|Windows Phone.ActiveCfg = Debug|Windows Phone
		{4C3C2121-4BBD-46CF-8FC8-923126D35AC0}.Debug|Windows Phone.Build.0 = Debug|Windows Phone
		{4C3C2121-4BBD-46CF-8FC8-923126D35AC0}.Debug|Windows Phone.Deploy.0 = Debug|Windows Phone
		{4C3C2121-4BBD-46CF-8FC8-923126D35AC0}.Release|Windows Phone.ActiveCfg = Release|Windows Phone
		{4C3C2121-4BBD-46CF-8FC8-923126D35AC0}.Release|Windows Phone.Build.0 = Release|Windows Phone
		{4C3C2121-4BBD-46CF-8FC8-923126D35AC0}.Release|Windows Phone.Deploy.0 = Release|Windows Phone
		{A3BE8402-6C02-42DE-A7B2-CB585F486FE6}.Debug|Windows Phone.ActiveCfg = Debug|Windows Phone
		{A3BE8402-6C02-42DE-A7B2-CB585F486FE6}.Release|Windows Phone.ActiveCfg = Release|Windows Phone
	EndGlobalSection
	GlobalSection(SolutionProperties) = preSolution
		HideSolutionNode = FALSE
	EndGlobalSection
EndGlobal
